Microsoft Visual Studio Solution File, Format Version 12.00
# Visual Studio Version 17
VisualStudioVersion = 17.5.2.0
MinimumVisualStudioVersion = 10.0.40219.1
Project("{FAE04EC0-301F-11D3-BF4B-00C04F79EFBC}") = "SauceDemo139", "SauceDemo139.csproj", "{435399A2-9C88-30C5-A0DE-CF7A67AD6BFD}"
EndProject
Global
	GlobalSection(SolutionConfigurationPlatforms) = preSolution
		Debug|Any CPU = Debug|Any CPU
		Release|Any CPU = Release|Any CPU
	EndGlobalSection
	GlobalSection(ProjectConfigurationPlatforms) = postSolution
		{435399A2-9C88-30C5-A0DE-CF7A67AD6BFD}.Debug|Any CPU.ActiveCfg = Debug|Any CPU
		{435399A2-9C88-30C5-A0DE-CF7A67AD6BFD}.Debug|Any CPU.Build.0 = Debug|Any CPU
		{435399A2-9C88-30C5-A0DE-CF7A67AD6BFD}.Release|Any CPU.ActiveCfg = Release|Any CPU
		{435399A2-9C88-30C5-A0DE-CF7A67AD6BFD}.Release|Any CPU.Build.0 = Release|Any CPU
	EndGlobalSection
	GlobalSection(SolutionProperties) = preSolution
		HideSolutionNode = FALSE
	EndGlobalSection
	GlobalSection(ExtensibilityGlobals) = postSolution
		SolutionGuid = {306B608F-DF83-4285-A42E-458ACA87814F}
	EndGlobalSection
EndGlobal
